<?xml version="1.0" encoding="utf-8"?>
<Project ToolsVersion="4.0" xmlns="http://schemas.microsoft.com/developer/msbuild/2003">
  <ItemGroup>
    <Filter Include="utils">
      <UniqueIdentifier>{b18c873c-a433-4baf-ab82-742d326c394a}</UniqueIdentifier>
    </Filter>
    <Filter Include="objects">
      <UniqueIdentifier>{fc240a26-2ae4-4ff2-92b4-b9db52c6127e}</UniqueIdentifier>
    </Filter>
    <Filter Include="scenes">
      <UniqueIdentifier>{0aed41b8-9911-4ca0-9662-557c8ddb3097}</UniqueIdentifier>
    </Filter>
  </ItemGroup>
  <ItemGroup>
    <ClCompile Include="src\objects\card.cpp">
      <Filter>objects</Filter>
    </ClCompile>
    <ClCompile Include="src\utils\sprite_manager.cpp">
      <Filter>utils</Filter>
    </ClCompile>
    <ClCompile Include="src\scenes\main_menu.cpp">
      <Filter>scenes</Filter>
    </ClCompile>
    <ClCompile Include="src\objects\game.cpp">
      <Filter>objects</Filter>
    </ClCompile>
    <ClCompile Include="main.cpp" />
  </ItemGroup>
  <ItemGroup>
    <ClInclude Include="src\objects\card.h">
      <Filter>objects</Filter>
    </ClInclude>
    <ClInclude Include="src\utils\sprite_manager.h">
      <Filter>utils</Filter>
    </ClInclude>
    <ClInclude Include="src\scenes\main_menu.h">
      <Filter>scenes</Filter>
    </ClInclude>
    <ClInclude Include="src\objects\game.h">
      <Filter>objects</Filter>
    </ClInclude>
  </ItemGroup>
</Project>